
Microsoft Visual Studio Solution File, Format Version 12.00
# Visual Studio Version 17
VisualStudioVersion = 17.5.002.0
MinimumVisualStudioVersion = 10.0.40219.1
Project("{9A19103F-16F7-4668-BE54-9A1E7A4F7556}") = "CommandsService", "CommandsService\CommandsService.csproj", "{3EDC35DC-22A4-40CE-AEF2-7C2BB88069F8}"
EndProject
Project("{9A19103F-16F7-4668-BE54-9A1E7A4F7556}") = "PlatformService", "PlatformService\PlatformService.csproj", "{F1B3A3B1-EABD-4894-8A84-01B2520FAC93}"
EndProject
Global
	GlobalSection(SolutionConfigurationPlatforms) = preSolution
		Debug|Any CPU = Debug|Any CPU
		Release|Any CPU = Release|Any CPU
	EndGlobalSection
	GlobalSection(ProjectConfigurationPlatforms) = postSolution
		{3EDC35DC-22A4-40CE-AEF2-7C2BB88069F8}.Debug|Any CPU.ActiveCfg = Debug|Any CPU
		{3EDC35DC-22A4-40CE-AEF2-7C2BB88069F8}.Debug|Any CPU.Build.0 = Debug|Any CPU
		{3EDC35DC-22A4-40CE-AEF2-7C2BB88069F8}.Release|Any CPU.ActiveCfg = Release|Any CPU
		{3EDC35DC-22A4-40CE-AEF2-7C2BB88069F8}.Release|Any CPU.Build.0 = Release|Any CPU
		{F1B3A3B1-EABD-4894-8A84-01B2520FAC93}.Debug|Any CPU.ActiveCfg = Debug|Any CPU
		{F1B3A3B1-EABD-4894-8A84-01B2520FAC93}.Debug|Any CPU.Build.0 = Debug|Any CPU
		{F1B3A3B1-EABD-4894-8A84-01B2520FAC93}.Release|Any CPU.ActiveCfg = Release|Any CPU
		{F1B3A3B1-EABD-4894-8A84-01B2520FAC93}.Release|Any CPU.Build.0 = Release|Any CPU
	EndGlobalSection
	GlobalSection(SolutionProperties) = preSolution
		HideSolutionNode = FALSE
	EndGlobalSection
	GlobalSection(ExtensibilityGlobals) = postSolution
		SolutionGuid = {5B354768-A5DB-4A41-9AB6-4E545674C95E}
	EndGlobalSection
EndGlobal
