
Microsoft Visual Studio Solution File, Format Version 12.00
# Visual Studio Version 17
VisualStudioVersion = 17.5.002.0
MinimumVisualStudioVersion = 10.0.40219.1
Project("{9A19103F-16F7-4668-BE54-9A1E7A4F7556}") = "CommandsService", "CommandsService.csproj", "{893C8A5B-D02D-468D-BE45-2149F0F5EC3B}"
EndProject
Global
	GlobalSection(SolutionConfigurationPlatforms) = preSolution
		Debug|Any CPU = Debug|Any CPU
		Release|Any CPU = Release|Any CPU
	EndGlobalSection
	GlobalSection(ProjectConfigurationPlatforms) = postSolution
		{893C8A5B-D02D-468D-BE45-2149F0F5EC3B}.Debug|Any CPU.ActiveCfg = Debug|Any CPU
		{893C8A5B-D02D-468D-BE45-2149F0F5EC3B}.Debug|Any CPU.Build.0 = Debug|Any CPU
		{893C8A5B-D02D-468D-BE45-2149F0F5EC3B}.Release|Any CPU.ActiveCfg = Release|Any CPU
		{893C8A5B-D02D-468D-BE45-2149F0F5EC3B}.Release|Any CPU.Build.0 = Release|Any CPU
	EndGlobalSection
	GlobalSection(SolutionProperties) = preSolution
		HideSolutionNode = FALSE
	EndGlobalSection
	GlobalSection(ExtensibilityGlobals) = postSolution
		SolutionGuid = {961CCF41-B214-4981-B249-B686DC234877}
	EndGlobalSection
EndGlobal
